
Microsoft Visual Studio Solution File, Format Version 12.00
# Visual Studio 14
VisualStudioVersion = 14.0.25420.1
MinimumVisualStudioVersion = 10.0.40219.1
Project("{78C9907C-C22D-4F8D-B13A-49F213FF1631}") = "rust_library", "rust_library.rsproj", "{7EBD9FBE-A88F-4FDA-834C-3767A4BE5192}"
EndProject
Global
	GlobalSection(SolutionConfigurationPlatforms) = preSolution
		Debug|default = Debug|default
		Release|default = Release|default
	EndGlobalSection
	GlobalSection(ProjectConfigurationPlatforms) = postSolution
		{7EBD9FBE-A88F-4FDA-834C-3767A4BE5192}.Debug|default.ActiveCfg = Debug|default
		{7EBD9FBE-A88F-4FDA-834C-3767A4BE5192}.Debug|default.Build.0 = Debug|default
		{7EBD9FBE-A88F-4FDA-834C-3767A4BE5192}.Release|default.ActiveCfg = Release|default
		{7EBD9FBE-A88F-4FDA-834C-3767A4BE5192}.Release|default.Build.0 = Release|default
	EndGlobalSection
	GlobalSection(SolutionProperties) = preSolution
		HideSolutionNode = FALSE
	EndGlobalSection
EndGlobal
